github.com/cao7113/golangprivatemod v0.0.0-20191021060156-d7891f23eb4d h1:0mjz/zgliW2ZroSO3dNl93eYeX9rWG4t7lxfO7yP5HU=
github.com/cao7113/golangprivatemod v0.0.0-20191021060156-d7891f23eb4d/go.mod h1:Z77g+5CiACoeLFhaAIjteW+9mZrUyZQ5xd4PBd1P25w=
github.com/cao7113/golangprivatemod v0.0.0-20191021065030-d18d0ae99f85 h1:jwryKiPAig2uddyMAQBi8AEpxWr4Ugvh+Ir1A44S8rU=
github.com/cao7113/golangprivatemod v0.0.0-20191021065030-d18d0ae99f85/go.mod h1:Z77g+5CiACoeLFhaAIjteW+9mZrUyZQ5xd4PBd1P25w=
