github.com/cao7113/golang v0.0.1 h1:e5IAlaOGoM/gMxbkFJiWJhfe7Chje3x4GK5EnMFzWQs=
github.com/cao7113/golang v0.0.1/go.mod h1:c2wnRbQK9+OS2+CqXGvfeUxtoRt5XuiJv+7XLMuCkvA=
github.com/cao7113/golangprivatemod v0.0.1 h1:XGL6r7898YIRDeqoo4KrH3zA7l4PRffbYH/HoKSY68U=
github.com/cao7113/golangprivatemod v0.0.1/go.mod h1:Z77g+5CiACoeLFhaAIjteW+9mZrUyZQ5xd4PBd1P25w=
